
Microsoft Visual Studio Solution File, Format Version 12.00
# Visual Studio Version 16
VisualStudioVersion = 16.0.29519.87
MinimumVisualStudioVersion = 10.0.40219.1
Project("{FAE04EC0-301F-11D3-BF4B-00C04F79EFBC}") = "SideNavSample", "SideNavSample.csproj", "{D02FDB51-F42A-48B0-A86E-5526F38B3ED9}"
EndProject
Project("{54435603-DBB4-11D2-8724-00A0C9A8B90C}") = "Setup-APM", "..\APM_SETUP_END\Setup-APM\Setup-APM.vdproj", "{5BDEFFDF-123A-4EFE-A01A-5A4C29342596}"
EndProject
Global
	GlobalSection(SolutionConfigurationPlatforms) = preSolution
		Debug|Any CPU = Debug|Any CPU
		Release|Any CPU = Release|Any CPU
		Release2005|Any CPU = Release2005|Any CPU
		ReleaseTrial|Any CPU = ReleaseTrial|Any CPU
		ReleaseTrial2005|Any CPU = ReleaseTrial2005|Any CPU
		ReleaseTrialNoLimit|Any CPU = ReleaseTrialNoLimit|Any CPU
	EndGlobalSection
	GlobalSection(ProjectConfigurationPlatforms) = postSolution
		{D02FDB51-F42A-48B0-A86E-5526F38B3ED9}.Debug|Any CPU.ActiveCfg = Debug|Any CPU
		{D02FDB51-F42A-48B0-A86E-5526F38B3ED9}.Debug|Any CPU.Build.0 = Debug|Any CPU
		{D02FDB51-F42A-48B0-A86E-5526F38B3ED9}.Release|Any CPU.ActiveCfg = Release|Any CPU
		{D02FDB51-F42A-48B0-A86E-5526F38B3ED9}.Release|Any CPU.Build.0 = Release|Any CPU
		{D02FDB51-F42A-48B0-A86E-5526F38B3ED9}.Release2005|Any CPU.ActiveCfg = Release|Any CPU
		{D02FDB51-F42A-48B0-A86E-5526F38B3ED9}.Release2005|Any CPU.Build.0 = Release|Any CPU
		{D02FDB51-F42A-48B0-A86E-5526F38B3ED9}.ReleaseTrial|Any CPU.ActiveCfg = Release|Any CPU
		{D02FDB51-F42A-48B0-A86E-5526F38B3ED9}.ReleaseTrial|Any CPU.Build.0 = Release|Any CPU
		{D02FDB51-F42A-48B0-A86E-5526F38B3ED9}.ReleaseTrial2005|Any CPU.ActiveCfg = Release|Any CPU
		{D02FDB51-F42A-48B0-A86E-5526F38B3ED9}.ReleaseTrial2005|Any CPU.Build.0 = Release|Any CPU
		{D02FDB51-F42A-48B0-A86E-5526F38B3ED9}.ReleaseTrialNoLimit|Any CPU.ActiveCfg = Release|Any CPU
		{D02FDB51-F42A-48B0-A86E-5526F38B3ED9}.ReleaseTrialNoLimit|Any CPU.Build.0 = Release|Any CPU
		{5BDEFFDF-123A-4EFE-A01A-5A4C29342596}.Debug|Any CPU.ActiveCfg = Debug
		{5BDEFFDF-123A-4EFE-A01A-5A4C29342596}.Release|Any CPU.ActiveCfg = Release
		{5BDEFFDF-123A-4EFE-A01A-5A4C29342596}.Release2005|Any CPU.ActiveCfg = Release
		{5BDEFFDF-123A-4EFE-A01A-5A4C29342596}.ReleaseTrial|Any CPU.ActiveCfg = Release
		{5BDEFFDF-123A-4EFE-A01A-5A4C29342596}.ReleaseTrial2005|Any CPU.ActiveCfg = Release
		{5BDEFFDF-123A-4EFE-A01A-5A4C29342596}.ReleaseTrialNoLimit|Any CPU.ActiveCfg = Release
	EndGlobalSection
	GlobalSection(SolutionProperties) = preSolution
		HideSolutionNode = FALSE
	EndGlobalSection
	GlobalSection(ExtensibilityGlobals) = postSolution
		SolutionGuid = {A5ED8FBA-42D0-4075-B5E4-B7FD56F68B68}
	EndGlobalSection
EndGlobal
